
Microsoft Visual Studio Solution File, Format Version 12.00
# Visual Studio Version 16
VisualStudioVersion = 16.0.31515.178
MinimumVisualStudioVersion = 10.0.40219.1
Project("{9A19103F-16F7-4668-BE54-9A1E7A4F7556}") = "Data", "Data\Data.csproj", "{487DD224-425F-428B-B482-A89458C73C5E}"
EndProject
Project("{9A19103F-16F7-4668-BE54-9A1E7A4F7556}") = "VayikraApi", "VayikraApi\VayikraApi.csproj", "{75272D6B-88C8-4A53-B61C-F3AC590665D8}"
EndProject
Project("{9A19103F-16F7-4668-BE54-9A1E7A4F7556}") = "Vayikra", "Vayikra\Vayikra.csproj", "{2594BB37-A7C9-4331-9333-A32E76C5F99F}"
EndProject
Global
	GlobalSection(SolutionConfigurationPlatforms) = preSolution
		Debug|Any CPU = Debug|Any CPU
		Release|Any CPU = Release|Any CPU
	EndGlobalSection
	GlobalSection(ProjectConfigurationPlatforms) = postSolution
		{487DD224-425F-428B-B482-A89458C73C5E}.Debug|Any CPU.ActiveCfg = Debug|Any CPU
		{487DD224-425F-428B-B482-A89458C73C5E}.Debug|Any CPU.Build.0 = Debug|Any CPU
		{487DD224-425F-428B-B482-A89458C73C5E}.Release|Any CPU.ActiveCfg = Release|Any CPU
		{487DD224-425F-428B-B482-A89458C73C5E}.Release|Any CPU.Build.0 = Release|Any CPU
		{75272D6B-88C8-4A53-B61C-F3AC590665D8}.Debug|Any CPU.ActiveCfg = Debug|Any CPU
		{75272D6B-88C8-4A53-B61C-F3AC590665D8}.Debug|Any CPU.Build.0 = Debug|Any CPU
		{75272D6B-88C8-4A53-B61C-F3AC590665D8}.Release|Any CPU.ActiveCfg = Release|Any CPU
		{75272D6B-88C8-4A53-B61C-F3AC590665D8}.Release|Any CPU.Build.0 = Release|Any CPU
		{2594BB37-A7C9-4331-9333-A32E76C5F99F}.Debug|Any CPU.ActiveCfg = Debug|Any CPU
		{2594BB37-A7C9-4331-9333-A32E76C5F99F}.Debug|Any CPU.Build.0 = Debug|Any CPU
		{2594BB37-A7C9-4331-9333-A32E76C5F99F}.Release|Any CPU.ActiveCfg = Release|Any CPU
		{2594BB37-A7C9-4331-9333-A32E76C5F99F}.Release|Any CPU.Build.0 = Release|Any CPU
	EndGlobalSection
	GlobalSection(SolutionProperties) = preSolution
		HideSolutionNode = FALSE
	EndGlobalSection
	GlobalSection(ExtensibilityGlobals) = postSolution
		SolutionGuid = {32BA2449-136C-4B37-B8FD-6C2C018FF481}
	EndGlobalSection
EndGlobal
